
Microsoft Visual Studio Solution File, Format Version 12.00
# Visual Studio Version 16
VisualStudioVersion = 16.0.31424.327
MinimumVisualStudioVersion = 10.0.40219.1
Project("{9A19103F-16F7-4668-BE54-9A1E7A4F7556}") = "EditXML", "ConsoleApp2\EditXML.csproj", "{0CE0C477-50FC-42EC-B72D-7A80854CFD62}"
EndProject
Global
	GlobalSection(SolutionConfigurationPlatforms) = preSolution
		Debug|Any CPU = Debug|Any CPU
		Release|Any CPU = Release|Any CPU
	EndGlobalSection
	GlobalSection(ProjectConfigurationPlatforms) = postSolution
		{0CE0C477-50FC-42EC-B72D-7A80854CFD62}.Debug|Any CPU.ActiveCfg = Debug|Any CPU
		{0CE0C477-50FC-42EC-B72D-7A80854CFD62}.Debug|Any CPU.Build.0 = Debug|Any CPU
		{0CE0C477-50FC-42EC-B72D-7A80854CFD62}.Release|Any CPU.ActiveCfg = Release|Any CPU
		{0CE0C477-50FC-42EC-B72D-7A80854CFD62}.Release|Any CPU.Build.0 = Release|Any CPU
	EndGlobalSection
	GlobalSection(SolutionProperties) = preSolution
		HideSolutionNode = FALSE
	EndGlobalSection
	GlobalSection(ExtensibilityGlobals) = postSolution
		SolutionGuid = {CDE36892-7D59-4786-97BE-12E5F5014FD8}
	EndGlobalSection
EndGlobal
